
Microsoft Visual Studio Solution File, Format Version 12.00
# Visual Studio Version 17
VisualStudioVersion = 17.14.36310.24 d17.14
MinimumVisualStudioVersion = 10.0.40219.1
Project("{FAE04EC0-301F-11D3-BF4B-00C04F79EFBC}") = "ConsoleUI", "ConsoleUI\ConsoleUI.csproj", "{52CB5990-5EAB-4DDF-820E-CF0B8C6AEAD5}"
EndProject
Project("{FAE04EC0-301F-11D3-BF4B-00C04F79EFBC}") = "Domain", "Domain\Domain.csproj", "{2E92AC04-A123-401F-89E2-88B475C03031}"
EndProject
Project("{FAE04EC0-301F-11D3-BF4B-00C04F79EFBC}") = "Application", "Application\Application.csproj", "{3EAA1810-0069-410B-B2B6-A775360D0284}"
EndProject
Project("{FAE04EC0-301F-11D3-BF4B-00C04F79EFBC}") = "Infrastructure", "Infrastructure\Infrastructure.csproj", "{1CABE94A-D5C9-4B1F-AB72-7EA8E522015A}"
EndProject
Global
	GlobalSection(SolutionConfigurationPlatforms) = preSolution
		Debug|Any CPU = Debug|Any CPU
		Release|Any CPU = Release|Any CPU
	EndGlobalSection
	GlobalSection(ProjectConfigurationPlatforms) = postSolution
		{52CB5990-5EAB-4DDF-820E-CF0B8C6AEAD5}.Debug|Any CPU.ActiveCfg = Debug|Any CPU
		{52CB5990-5EAB-4DDF-820E-CF0B8C6AEAD5}.Debug|Any CPU.Build.0 = Debug|Any CPU
		{52CB5990-5EAB-4DDF-820E-CF0B8C6AEAD5}.Release|Any CPU.ActiveCfg = Release|Any CPU
		{52CB5990-5EAB-4DDF-820E-CF0B8C6AEAD5}.Release|Any CPU.Build.0 = Release|Any CPU
		{2E92AC04-A123-401F-89E2-88B475C03031}.Debug|Any CPU.ActiveCfg = Debug|Any CPU
		{2E92AC04-A123-401F-89E2-88B475C03031}.Debug|Any CPU.Build.0 = Debug|Any CPU
		{2E92AC04-A123-401F-89E2-88B475C03031}.Release|Any CPU.ActiveCfg = Release|Any CPU
		{2E92AC04-A123-401F-89E2-88B475C03031}.Release|Any CPU.Build.0 = Release|Any CPU
		{3EAA1810-0069-410B-B2B6-A775360D0284}.Debug|Any CPU.ActiveCfg = Debug|Any CPU
		{3EAA1810-0069-410B-B2B6-A775360D0284}.Debug|Any CPU.Build.0 = Debug|Any CPU
		{3EAA1810-0069-410B-B2B6-A775360D0284}.Release|Any CPU.ActiveCfg = Release|Any CPU
		{3EAA1810-0069-410B-B2B6-A775360D0284}.Release|Any CPU.Build.0 = Release|Any CPU
		{1CABE94A-D5C9-4B1F-AB72-7EA8E522015A}.Debug|Any CPU.ActiveCfg = Debug|Any CPU
		{1CABE94A-D5C9-4B1F-AB72-7EA8E522015A}.Debug|Any CPU.Build.0 = Debug|Any CPU
		{1CABE94A-D5C9-4B1F-AB72-7EA8E522015A}.Release|Any CPU.ActiveCfg = Release|Any CPU
		{1CABE94A-D5C9-4B1F-AB72-7EA8E522015A}.Release|Any CPU.Build.0 = Release|Any CPU
	EndGlobalSection
	GlobalSection(SolutionProperties) = preSolution
		HideSolutionNode = FALSE
	EndGlobalSection
	GlobalSection(ExtensibilityGlobals) = postSolution
		SolutionGuid = {B4C5289E-D2EB-4EB5-979E-AD1E919C92E8}
	EndGlobalSection
EndGlobal
